{
  "name": "jianying_asr",
  "version": "1.0.0",
  "lockfileVersion": 3,
  "requires": true,
  "packages": {
    "": {
      "name": "jianying_asr",
      "version": "1.0.0",
      "license": "ISC",
      "dependencies": {
        "jianying-subtitle": "^0.2.3"
      }
    },
    "node_modules/jianying-subtitle": {
      "version": "0.2.3",
      "resolved": "https://registry.npmjs.org/jianying-subtitle/-/jianying-subtitle-0.2.3.tgz",
      "integrity": "sha512-tudl5JDKQst6bb+YprvthVyMPCHjAd44t0IIdlc911mOp+Oy4P8tuEJZvinOHBstjWeULeNbpvtsB4Upy84CFA==",
      "license": "GPL-3.0-only",
      "bin": {
        "jianying-subtitle": "bin/jianying-subtitle.mjs"
      },
      "engines": {
        "node": ">=18"
      },
      "peerDependencies": {
        "@earendil-works/pi-ai": "*",
        "@earendil-works/pi-coding-agent": "*",
        "typebox": "*"
      },
      "peerDependenciesMeta": {
        "@earendil-works/pi-ai": {
          "optional": true
        },
        "@earendil-works/pi-coding-agent": {
          "optional": true
        },
        "typebox": {
          "optional": true
        }
      }
    }
  }
}
